
Microsoft Visual Studio Solution File, Format Version 12.00
# Visual Studio Version 17
VisualStudioVersion = 17.5.002.0
MinimumVisualStudioVersion = 10.0.40219.1
Project("{9A19103F-16F7-4668-BE54-9A1E7A4F7556}") = "KrakenRest.Models", "KrakenRest.Models.csproj", "{A1828093-61C7-4DB8-8BDB-3A2788E21FD1}"
EndProject
Global
	GlobalSection(SolutionConfigurationPlatforms) = preSolution
		Debug|Any CPU = Debug|Any CPU
		Release|Any CPU = Release|Any CPU
	EndGlobalSection
	GlobalSection(ProjectConfigurationPlatforms) = postSolution
		{A1828093-61C7-4DB8-8BDB-3A2788E21FD1}.Debug|Any CPU.ActiveCfg = Debug|Any CPU
		{A1828093-61C7-4DB8-8BDB-3A2788E21FD1}.Debug|Any CPU.Build.0 = Debug|Any CPU
		{A1828093-61C7-4DB8-8BDB-3A2788E21FD1}.Release|Any CPU.ActiveCfg = Release|Any CPU
		{A1828093-61C7-4DB8-8BDB-3A2788E21FD1}.Release|Any CPU.Build.0 = Release|Any CPU
	EndGlobalSection
	GlobalSection(SolutionProperties) = preSolution
		HideSolutionNode = FALSE
	EndGlobalSection
	GlobalSection(ExtensibilityGlobals) = postSolution
		SolutionGuid = {7DB78EE1-F649-4348-8C99-7A7262ABF362}
	EndGlobalSection
EndGlobal
